
Microsoft Visual Studio Solution File, Format Version 12.00
# Visual Studio Version 17
VisualStudioVersion = 17.7.34031.279
MinimumVisualStudioVersion = 10.0.40219.1
Project("{FAE04EC0-301F-11D3-BF4B-00C04F79EFBC}") = "LeetCode", "LeetCode\LeetCode.csproj", "{A21A681D-0112-4AE7-ADB3-DFAF6A59B28C}"
EndProject
Global
	GlobalSection(SolutionConfigurationPlatforms) = preSolution
		Debug|Any CPU = Debug|Any CPU
		Release|Any CPU = Release|Any CPU
	EndGlobalSection
	GlobalSection(ProjectConfigurationPlatforms) = postSolution
		{A21A681D-0112-4AE7-ADB3-DFAF6A59B28C}.Debug|Any CPU.ActiveCfg = Debug|Any CPU
		{A21A681D-0112-4AE7-ADB3-DFAF6A59B28C}.Debug|Any CPU.Build.0 = Debug|Any CPU
		{A21A681D-0112-4AE7-ADB3-DFAF6A59B28C}.Release|Any CPU.ActiveCfg = Release|Any CPU
		{A21A681D-0112-4AE7-ADB3-DFAF6A59B28C}.Release|Any CPU.Build.0 = Release|Any CPU
	EndGlobalSection
	GlobalSection(SolutionProperties) = preSolution
		HideSolutionNode = FALSE
	EndGlobalSection
	GlobalSection(ExtensibilityGlobals) = postSolution
		SolutionGuid = {3A5152D1-36F7-4557-856C-1FAE69601CC5}
	EndGlobalSection
EndGlobal
